// !$*UTF8*$!
{
	archiveVersion = 1;
	classes = {
	};
	objectVersion = 46;
	objects = {

/* Begin PBXBuildFile section */
		580502B41D2C765300CB2529 /* AppDelegate.swift in Sources */ = {isa = PBXBuildFile; fileRef = 580502B31D2C765300CB2529 /* AppDelegate.swift */; };
		580502B61D2C765300CB2529 /* ViewController.swift in Sources */ = {isa = PBXBuildFile; fileRef = 580502B51D2C765300CB2529 /* ViewController.swift */; };
		580502B91D2C765300CB2529 /* Main.storyboard in Resources */ = {isa = PBXBuildFile; fileRef = 580502B71D2C765300CB2529 /* Main.storyboard */; };
		580502BB1D2C765300CB2529 /* Assets.xcassets in Resources */ = {isa = PBXBuildFile; fileRef = 580502BA1D2C765300CB2529 /* Assets.xcassets */; };
		580502BE1D2C765300CB2529 /* LaunchScreen.storyboard in Resources */ = {isa = PBXBuildFile; fileRef = 580502BC1D2C765300CB2529 /* LaunchScreen.storyboard */; };
/* End PBXBuildFile section */

/* Begin PBXFileReference section */
		580502B01D2C765300CB2529 /* RotateGesture.app */ = {isa = PBXFileReference; explicitFileType = wrapper.application; includeInIndex = 0; path = RotateGesture.app; sourceTree = BUILT_PRODUCTS_DIR; };
		580502B31D2C765300CB2529 /* AppDelegate.swift */ = {isa = PBXFileReference; lastKnownFileType = sourcecode.swift; path = AppDelegate.swift; sourceTree = "<group>"; };
		580502B51D2C765300CB2529 /* ViewController.swift */ = {isa = PBXFileReference; lastKnownFileType = sourcecode.swift; path = ViewController.swift; sourceTree = "<group>"; };
		580502B81D2C765300CB2529 /* Base */ = {isa = PBXFileReference; lastKnownFileType = file.storyboard; name = Base; path = Base.lproj/Main.storyboard; sourceTree = "<group>"; };
		580502BA1D2C765300CB2529 /* Assets.xcassets */ = {isa = PBXFileReference; lastKnownFileType = folder.assetcatalog; path = Assets.xcassets; sourceTree = "<group>"; };
		580502BD1D2C765300CB2529 /* Base */ = {isa = PBXFileReference; lastKnownFileType = file.storyboard; name = Base; path = Base.lproj/LaunchScreen.storyboard; sourceTree = "<group>"; };
		580502BF1D2C765300CB2529 /* Info.plist */ = {isa = PBXFileReference; lastKnownFileType = text.plist.xml; path = Info.plist; sourceTree = "<group>"; };
/* End PBXFileReference section */

/* Begin PBXFrameworksBuildPhase section */
		580502AD1D2C765300CB2529 /* Frameworks */ = {
			isa = PBXFrameworksBuildPhase;
			buildActionMask = 2147483647;
			files = (
			);
			runOnlyForDeploymentPostprocessing = 0;
		};
/* End PBXFrameworksBuildPhase section */

/* Begin PBXGroup section */
		580502A71D2C765300CB2529 = {
			isa = PBXGroup;
			children = (
				580502B21D2C765300CB2529 /* RotateGesture */,
				580502B11D2C765300CB2529 /* Products */,
			);
			sourceTree = "<group>";
		};
		580502B11D2C765300CB2529 /* Products */ = {
			isa = PBXGroup;
			children = (
				580502B01D2C765300CB2529 /* RotateGesture.app */,
			);
			name = Products;
			sourceTree = "<group>";
		};
		580502B21D2C765300CB2529 /* RotateGesture */ = {
			isa = PBXGroup;
			children = (
				580502B31D2C765300CB2529 /* AppDelegate.swift */,
				580502B51D2C765300CB2529 /* ViewController.swift */,
				580502B71D2C765300CB2529 /* Main.storyboard */,
				580502BA1D2C765300CB2529 /* Assets.xcassets */,
				580502BC1D2C765300CB2529 /* LaunchScreen.storyboard */,
				580502BF1D2C765300CB2529 /* Info.plist */,
			);
			path = RotateGesture;
			sourceTree = "<group>";
		};
/* End PBXGroup section */

/* Begin PBXNativeTarget section */
		580502AF1D2C765300CB2529 /* RotateGesture */ = {
			isa = PBXNativeTarget;
			buildConfigurationList = 580502C21D2C765300CB2529 /* Build configuration list for PBXNativeTarget "RotateGesture" */;
			buildPhases = (
				580502AC1D2C765300CB2529 /* Sources */,
				580502AD1D2C765300CB2529 /* Frameworks */,
				580502AE1D2C765300CB2529 /* Resources */,
			);
			buildRules = (
			);
			dependencies = (
			);
			name = RotateGesture;
			productName = RotateGesture;
			productReference = 580502B01D2C765300CB2529 /* RotateGesture.app */;
			productType = "com.apple.product-type.application";
		};
/* End PBXNativeTarget section */

/* Begin PBXProject section */
		580502A81D2C765300CB2529 /* Project object */ = {
			isa = PBXProject;
			attributes = {
				LastSwiftUpdateCheck = 0730;
				LastUpgradeCheck = 0730;
				ORGANIZATIONNAME = CWJ;
				TargetAttributes = {
					580502AF1D2C765300CB2529 = {
						CreatedOnToolsVersion = 7.3.1;
					};
				};
			};
			buildConfigurationList = 580502AB1D2C765300CB2529 /* Build configuration list for PBXProject "RotateGesture" */;
			compatibilityVersion = "Xcode 3.2";
			developmentRegion = English;
			hasScannedForEncodings = 0;
			knownRegions = (
				en,
				Base,
			);
			mainGroup = 580502A71D2C765300CB2529;
			productRefGroup = 580502B11D2C765300CB2529 /* Products */;
			projectDirPath = "";
			projectRoot = "";
			targets = (
				580502AF1D2C765300CB2529 /* RotateGesture */,
			);
		};
/* End PBXProject section */

/* Begin PBXResourcesBuildPhase section */
		580502AE1D2C765300CB2529 /* Resources */ = {
			isa = PBXResourcesBuildPhase;
			buildActionMask = 2147483647;
			files = (
				580502BE1D2C765300CB2529 /* LaunchScreen.storyboard in Resources */,
				580502BB1D2C765300CB2529 /* Assets.xcassets in Resources */,
				580502B91D2C765300CB2529 /* Main.storyboard in Resources */,
			);
			runOnlyForDeploymentPostprocessing = 0;
		};
/* End PBXResourcesBuildPhase section */

/* Begin PBXSourcesBuildPhase section */
		580502AC1D2C765300CB2529 /* Sources */ = {
			isa = PBXSourcesBuildPhase;
			buildActionMask = 2147483647;
			files = (
				580502B61D2C765300CB2529 /* ViewController.swift in Sources */,
				580502B41D2C765300CB2529 /* AppDelegate.swift in Sources */,
			);
			runOnlyForDeploymentPostprocessing = 0;
		};
/* End PBXSourcesBuildPhase section */

/* Begin PBXVariantGroup section */
		580502B71D2C765300CB2529 /* Main.storyboard */ = {
			isa = PBXVariantGroup;
			children = (
				580502B81D2C765300CB2529 /* Base */,
			);
			name = Main.storyboard;
			sourceTree = "<group>";
		};
		580502BC1D2C765300CB2529 /* LaunchScreen.storyboard */ = {
			isa = PBXVariantGroup;
			children = (
				580502BD1D2C765300CB2529 /* Base */,
			);
			name = LaunchScreen.storyboard;
			sourceTree = "<group>";
		};
/* End PBXVariantGroup section */

/* Begin XCBuildConfiguration section */
		580502C01D2C765300CB2529 /* Debug */ = {
			isa = XCBuildConfiguration;
			buildSettings = {
				ALWAYS_SEARCH_USER_PATHS = NO;
				CLANG_ANALYZER_NONNULL = YES;
				CLANG_CXX_LANGUAGE_STANDARD = "gnu++0x";
				CLANG_CXX_LIBRARY = "libc++";
				CLANG_ENABLE_MODULES = YES;
				CLANG_ENABLE_OBJC_ARC = YES;
				CLANG_WARN_BOOL_CONVERSION = YES;
				CLANG_WARN_CONSTANT_CONVERSION = YES;
				CLANG_WARN_DIRECT_OBJC_ISA_USAGE = YES_ERROR;
				CLANG_WARN_EMPTY_BODY = YES;
				CLANG_WARN_ENUM_CONVERSION = YES;
				CLANG_WARN_INT_CONVERSION = YES;
				CLANG_WARN_OBJC_ROOT_CLASS = YES_ERROR;
				CLANG_WARN_UNREACHABLE_CODE = YES;
				CLANG_WARN__DUPLICATE_METHOD_MATCH = YES;
				"CODE_SIGN_IDENTITY[sdk=iphoneos*]" = "iPhone Developer";
				COPY_PHASE_STRIP = NO;
				DEBUG_INFORMATION_FORMAT = dwarf;
				ENABLE_STRICT_OBJC_MSGSEND = YES;
				ENABLE_TESTABILITY = YES;
				GCC_C_LANGUAGE_STANDARD = gnu99;
				GCC_DYNAMIC_NO_PIC = NO;
				GCC_NO_COMMON_BLOCKS = YES;
				GCC_OPTIMIZATION_LEVEL = 0;
				GCC_PREPROCESSOR_DEFINITIONS = (
					"DEBUG=1",
					"$(inherited)",
				);
				GCC_WARN_64_TO_32_BIT_CONVERSION = YES;
				GCC_WARN_ABOUT_RETURN_TYPE = YES_ERROR;
				GCC_WARN_UNDECLARED_SELECTOR = YES;
				GCC_WARN_UNINITIALIZED_AUTOS = YES_AGGRESSIVE;
				GCC_WARN_UNUSED_FUNCTION = YES;
				GCC_WARN_UNUSED_VARIABLE = YES;
				IPHONEOS_DEPLOYMENT_TARGET = 9.3;
				MTL_ENABLE_DEBUG_INFO = YES;
				ONLY_ACTIVE_ARCH = YES;
				SDKROOT = iphoneos;
				SWIFT_OPTIMIZATION_LEVEL = "-Onone";
				TARGETED_DEVICE_FAMILY = "1,2";
			};
			name = Debug;
		};
		580502C11D2C765300CB2529 /* Release */ = {
			isa = XCBuildConfiguration;
			buildSettings = {
				ALWAYS_SEARCH_USER_PATHS = NO;
				CLANG_ANALYZER_NONNULL = YES;
				CLANG_CXX_LANGUAGE_STANDARD = "gnu++0x";
				CLANG_CXX_LIBRARY = "libc++";
				CLANG_ENABLE_MODULES = YES;
				CLANG_ENABLE_OBJC_ARC = YES;
				CLANG_WARN_BOOL_CONVERSION = YES;
				CLANG_WARN_CONSTANT_CONVERSION = YES;
				CLANG_WARN_DIRECT_OBJC_ISA_USAGE = YES_ERROR;
				CLANG_WARN_EMPTY_BODY = YES;
				CLANG_WARN_ENUM_CONVERSION = YES;
				CLANG_WARN_INT_CONVERSION = YES;
				CLANG_WARN_OBJC_ROOT_CLASS = YES_ERROR;
				CLANG_WARN_UNREACHABLE_CODE = YES;
				CLANG_WARN__DUPLICATE_METHOD_MATCH = YES;
				"CODE_SIGN_IDENTITY[sdk=iphoneos*]" = "iPhone Developer";
				COPY_PHASE_STRIP = NO;
				DEBUG_INFORMATION_FORMAT = "dwarf-with-dsym";
				ENABLE_NS_ASSERTIONS = NO;
				ENABLE_STRICT_OBJC_MSGSEND = YES;
				GCC_C_LANGUAGE_STANDARD = gnu99;
				GCC_NO_COMMON_BLOCKS = YES;
				GCC_WARN_64_TO_32_BIT_CONVERSION = YES;
				GCC_WARN_ABOUT_RETURN_TYPE = YES_ERROR;
				GCC_WARN_UNDECLARED_SELECTOR = YES;
				GCC_WARN_UNINITIALIZED_AUTOS = YES_AGGRESSIVE;
				GCC_WARN_UNUSED_FUNCTION = YES;
				GCC_WARN_UNUSED_VARIABLE = YES;
				IPHONEOS_DEPLOYMENT_TARGET = 9.3;
				MTL_ENABLE_DEBUG_INFO = NO;
				SDKROOT = iphoneos;
				TARGETED_DEVICE_FAMILY = "1,2";
				VALIDATE_PRODUCT = YES;
			};
			name = Release;
		};
		580502C31D2C765300CB2529 /* Debug */ = {
			isa = XCBuildConfiguration;
			buildSettings = {
				ASSETCATALOG_COMPILER_APPICON_NAME = AppIcon;
				INFOPLIST_FILE = RotateGesture/Info.plist;
				LD_RUNPATH_SEARCH_PATHS = "$(inherited) @executable_path/Frameworks";
				PRODUCT_BUNDLE_IDENTIFIER = com.codewithjallohDev.RotateGesture;
				PRODUCT_NAME = "$(TARGET_NAME)";
			};
			name = Debug;
		};
		580502C41D2C765300CB2529 /* Release */ = {
			isa = XCBuildConfiguration;
			buildSettings = {
				ASSETCATALOG_COMPILER_APPICON_NAME = AppIcon;
				INFOPLIST_FILE = RotateGesture/Info.plist;
				LD_RUNPATH_SEARCH_PATHS = "$(inherited) @executable_path/Frameworks";
				PRODUCT_BUNDLE_IDENTIFIER = com.codewithjallohDev.RotateGesture;
				PRODUCT_NAME = "$(TARGET_NAME)";
			};
			name = Release;
		};
/* End XCBuildConfiguration section */

/* Begin XCConfigurationList section */
		580502AB1D2C765300CB2529 /* Build configuration list for PBXProject "RotateGesture" */ = {
			isa = XCConfigurationList;
			buildConfigurations = (
				580502C01D2C765300CB2529 /* Debug */,
				580502C11D2C765300CB2529 /* Release */,
			);
			defaultConfigurationIsVisible = 0;
			defaultConfigurationName = Release;
		};
		580502C21D2C765300CB2529 /* Build configuration list for PBXNativeTarget "RotateGesture" */ = {
			isa = XCConfigurationList;
			buildConfigurations = (
				580502C31D2C765300CB2529 /* Debug */,
				580502C41D2C765300CB2529 /* Release */,
			);
			defaultConfigurationIsVisible = 0;
		};
/* End XCConfigurationList section */
	};
	rootObject = 580502A81D2C765300CB2529 /* Project object */;
}
